
Microsoft Visual Studio Solution File, Format Version 12.00
# Visual Studio Version 17
VisualStudioVersion = 17.3.32819.101
MinimumVisualStudioVersion = 10.0.40219.1
Project("{888888A0-9F3D-457C-B088-3A5042F75D52}") = "_1._Variables", "_1._Variables\_1._Variables.pyproj", "{8F2A0141-2FD2-4202-B9A7-45BC47A06A57}"
EndProject
Global
	GlobalSection(SolutionConfigurationPlatforms) = preSolution
		Debug|Any CPU = Debug|Any CPU
		Release|Any CPU = Release|Any CPU
	EndGlobalSection
	GlobalSection(ProjectConfigurationPlatforms) = postSolution
		{8F2A0141-2FD2-4202-B9A7-45BC47A06A57}.Debug|Any CPU.ActiveCfg = Debug|Any CPU
		{8F2A0141-2FD2-4202-B9A7-45BC47A06A57}.Release|Any CPU.ActiveCfg = Release|Any CPU
	EndGlobalSection
	GlobalSection(SolutionProperties) = preSolution
		HideSolutionNode = FALSE
	EndGlobalSection
	GlobalSection(ExtensibilityGlobals) = postSolution
		SolutionGuid = {C51A5C81-6B86-4FBB-B2A3-72078A6EE15E}
	EndGlobalSection
EndGlobal
