
Microsoft Visual Studio Solution File, Format Version 12.00
# Visual Studio Version 17
VisualStudioVersion = 17.3.32819.101
MinimumVisualStudioVersion = 10.0.40219.1
Project("{888888A0-9F3D-457C-B088-3A5042F75D52}") = "_10._PoscionesNegativas", "_10._PoscionesNegativas\_10._PoscionesNegativas.pyproj", "{86F7246B-7F7A-4994-9B3D-028FE60C7FCA}"
EndProject
Global
	GlobalSection(SolutionConfigurationPlatforms) = preSolution
		Debug|Any CPU = Debug|Any CPU
		Release|Any CPU = Release|Any CPU
	EndGlobalSection
	GlobalSection(ProjectConfigurationPlatforms) = postSolution
		{86F7246B-7F7A-4994-9B3D-028FE60C7FCA}.Debug|Any CPU.ActiveCfg = Debug|Any CPU
		{86F7246B-7F7A-4994-9B3D-028FE60C7FCA}.Release|Any CPU.ActiveCfg = Release|Any CPU
	EndGlobalSection
	GlobalSection(SolutionProperties) = preSolution
		HideSolutionNode = FALSE
	EndGlobalSection
	GlobalSection(ExtensibilityGlobals) = postSolution
		SolutionGuid = {6BE38CCC-EA64-4028-8AD2-8615DC9B443F}
	EndGlobalSection
EndGlobal
