
Microsoft Visual Studio Solution File, Format Version 12.00
# Visual Studio Version 17
VisualStudioVersion = 17.3.32819.101
MinimumVisualStudioVersion = 10.0.40219.1
Project("{888888A0-9F3D-457C-B088-3A5042F75D52}") = "_11._EliminarElementosDel", "_11._EliminarElementosDel\_11._EliminarElementosDel.pyproj", "{F55AA09E-961A-405C-810F-B3A49EDF5D1D}"
EndProject
Global
	GlobalSection(SolutionConfigurationPlatforms) = preSolution
		Debug|Any CPU = Debug|Any CPU
		Release|Any CPU = Release|Any CPU
	EndGlobalSection
	GlobalSection(ProjectConfigurationPlatforms) = postSolution
		{F55AA09E-961A-405C-810F-B3A49EDF5D1D}.Debug|Any CPU.ActiveCfg = Debug|Any CPU
		{F55AA09E-961A-405C-810F-B3A49EDF5D1D}.Release|Any CPU.ActiveCfg = Release|Any CPU
	EndGlobalSection
	GlobalSection(SolutionProperties) = preSolution
		HideSolutionNode = FALSE
	EndGlobalSection
	GlobalSection(ExtensibilityGlobals) = postSolution
		SolutionGuid = {20001021-BE5C-49C4-96E3-7E010DE74E57}
	EndGlobalSection
EndGlobal
