
Microsoft Visual Studio Solution File, Format Version 12.00
# Visual Studio Version 17
VisualStudioVersion = 17.3.32819.101
MinimumVisualStudioVersion = 10.0.40219.1
Project("{888888A0-9F3D-457C-B088-3A5042F75D52}") = "_16._Ordenar", "_16._Ordenar\_16._Ordenar.pyproj", "{2D749C60-4C09-4A2C-901A-DC8CD65B313E}"
EndProject
Global
	GlobalSection(SolutionConfigurationPlatforms) = preSolution
		Debug|Any CPU = Debug|Any CPU
		Release|Any CPU = Release|Any CPU
	EndGlobalSection
	GlobalSection(ProjectConfigurationPlatforms) = postSolution
		{2D749C60-4C09-4A2C-901A-DC8CD65B313E}.Debug|Any CPU.ActiveCfg = Debug|Any CPU
		{2D749C60-4C09-4A2C-901A-DC8CD65B313E}.Release|Any CPU.ActiveCfg = Release|Any CPU
	EndGlobalSection
	GlobalSection(SolutionProperties) = preSolution
		HideSolutionNode = FALSE
	EndGlobalSection
	GlobalSection(ExtensibilityGlobals) = postSolution
		SolutionGuid = {5A0FDC45-5A0F-476B-9A84-81014D71C03C}
	EndGlobalSection
EndGlobal
