
Microsoft Visual Studio Solution File, Format Version 12.00
# Visual Studio Version 17
VisualStudioVersion = 17.3.32819.101
MinimumVisualStudioVersion = 10.0.40219.1
Project("{888888A0-9F3D-457C-B088-3A5042F75D52}") = "_17._ContarConlen", "_17._ContarConlen\_17._ContarConlen.pyproj", "{2A62D314-09FB-4D68-B71C-D96F3BAB5A57}"
EndProject
Global
	GlobalSection(SolutionConfigurationPlatforms) = preSolution
		Debug|Any CPU = Debug|Any CPU
		Release|Any CPU = Release|Any CPU
	EndGlobalSection
	GlobalSection(ProjectConfigurationPlatforms) = postSolution
		{2A62D314-09FB-4D68-B71C-D96F3BAB5A57}.Debug|Any CPU.ActiveCfg = Debug|Any CPU
		{2A62D314-09FB-4D68-B71C-D96F3BAB5A57}.Release|Any CPU.ActiveCfg = Release|Any CPU
	EndGlobalSection
	GlobalSection(SolutionProperties) = preSolution
		HideSolutionNode = FALSE
	EndGlobalSection
	GlobalSection(ExtensibilityGlobals) = postSolution
		SolutionGuid = {B5A7A46B-9B73-4B0E-893C-68B0EA3BA4E3}
	EndGlobalSection
EndGlobal
