
Microsoft Visual Studio Solution File, Format Version 12.00
# Visual Studio Version 17
VisualStudioVersion = 17.3.32819.101
MinimumVisualStudioVersion = 10.0.40219.1
Project("{888888A0-9F3D-457C-B088-3A5042F75D52}") = "_18._CrearTuplas", "_18._CrearTuplas\_18._CrearTuplas.pyproj", "{70977372-291F-49AF-AD24-7F5875E63696}"
EndProject
Global
	GlobalSection(SolutionConfigurationPlatforms) = preSolution
		Debug|Any CPU = Debug|Any CPU
		Release|Any CPU = Release|Any CPU
	EndGlobalSection
	GlobalSection(ProjectConfigurationPlatforms) = postSolution
		{70977372-291F-49AF-AD24-7F5875E63696}.Debug|Any CPU.ActiveCfg = Debug|Any CPU
		{70977372-291F-49AF-AD24-7F5875E63696}.Release|Any CPU.ActiveCfg = Release|Any CPU
	EndGlobalSection
	GlobalSection(SolutionProperties) = preSolution
		HideSolutionNode = FALSE
	EndGlobalSection
	GlobalSection(ExtensibilityGlobals) = postSolution
		SolutionGuid = {2400FBCD-87C2-4C1F-B17D-865E0FB89257}
	EndGlobalSection
EndGlobal
