
Microsoft Visual Studio Solution File, Format Version 12.00
# Visual Studio Version 17
VisualStudioVersion = 17.3.32819.101
MinimumVisualStudioVersion = 10.0.40219.1
Project("{888888A0-9F3D-457C-B088-3A5042F75D52}") = "_20._CondicionalIf", "_20._CondicionalIf\_20._CondicionalIf.pyproj", "{DD2B2C56-BF8A-4CAD-A48A-CA333864F6A7}"
EndProject
Global
	GlobalSection(SolutionConfigurationPlatforms) = preSolution
		Debug|Any CPU = Debug|Any CPU
		Release|Any CPU = Release|Any CPU
	EndGlobalSection
	GlobalSection(ProjectConfigurationPlatforms) = postSolution
		{DD2B2C56-BF8A-4CAD-A48A-CA333864F6A7}.Debug|Any CPU.ActiveCfg = Debug|Any CPU
		{DD2B2C56-BF8A-4CAD-A48A-CA333864F6A7}.Release|Any CPU.ActiveCfg = Release|Any CPU
	EndGlobalSection
	GlobalSection(SolutionProperties) = preSolution
		HideSolutionNode = FALSE
	EndGlobalSection
	GlobalSection(ExtensibilityGlobals) = postSolution
		SolutionGuid = {EA4D1129-E8F3-4458-9AA0-6B174B90FD34}
	EndGlobalSection
EndGlobal
