
Microsoft Visual Studio Solution File, Format Version 12.00
# Visual Studio Version 17
VisualStudioVersion = 17.3.32819.101
MinimumVisualStudioVersion = 10.0.40219.1
Project("{888888A0-9F3D-457C-B088-3A5042F75D52}") = "_26._BucleWhileIf", "_26._BucleWhileIf\_26._BucleWhileIf.pyproj", "{E62051C9-2681-4A84-99E3-14858DB946AA}"
EndProject
Global
	GlobalSection(SolutionConfigurationPlatforms) = preSolution
		Debug|Any CPU = Debug|Any CPU
		Release|Any CPU = Release|Any CPU
	EndGlobalSection
	GlobalSection(ProjectConfigurationPlatforms) = postSolution
		{E62051C9-2681-4A84-99E3-14858DB946AA}.Debug|Any CPU.ActiveCfg = Debug|Any CPU
		{E62051C9-2681-4A84-99E3-14858DB946AA}.Release|Any CPU.ActiveCfg = Release|Any CPU
	EndGlobalSection
	GlobalSection(SolutionProperties) = preSolution
		HideSolutionNode = FALSE
	EndGlobalSection
	GlobalSection(ExtensibilityGlobals) = postSolution
		SolutionGuid = {B7ECCF43-5BB6-4031-BC02-A1217B4FA690}
	EndGlobalSection
EndGlobal
