
Microsoft Visual Studio Solution File, Format Version 12.00
# Visual Studio Version 17
VisualStudioVersion = 17.3.32819.101
MinimumVisualStudioVersion = 10.0.40219.1
Project("{888888A0-9F3D-457C-B088-3A5042F75D52}") = "_31._MetodosDiccionarios", "_31._MetodosDiccionarios\_31._MetodosDiccionarios.pyproj", "{240C2FC3-C30F-4971-B0C9-CA9343A32573}"
EndProject
Global
	GlobalSection(SolutionConfigurationPlatforms) = preSolution
		Debug|Any CPU = Debug|Any CPU
		Release|Any CPU = Release|Any CPU
	EndGlobalSection
	GlobalSection(ProjectConfigurationPlatforms) = postSolution
		{240C2FC3-C30F-4971-B0C9-CA9343A32573}.Debug|Any CPU.ActiveCfg = Debug|Any CPU
		{240C2FC3-C30F-4971-B0C9-CA9343A32573}.Release|Any CPU.ActiveCfg = Release|Any CPU
	EndGlobalSection
	GlobalSection(SolutionProperties) = preSolution
		HideSolutionNode = FALSE
	EndGlobalSection
	GlobalSection(ExtensibilityGlobals) = postSolution
		SolutionGuid = {C37D22BC-379C-499E-81D7-172E2DFBCF34}
	EndGlobalSection
EndGlobal
