
Microsoft Visual Studio Solution File, Format Version 12.00
# Visual Studio Version 17
VisualStudioVersion = 17.3.32819.101
MinimumVisualStudioVersion = 10.0.40219.1
Project("{888888A0-9F3D-457C-B088-3A5042F75D52}") = "_34._Kwargs", "_34._Kwargs\_34._Kwargs.pyproj", "{F8DBFA89-8101-4857-8C05-F3365F6D5ACA}"
EndProject
Global
	GlobalSection(SolutionConfigurationPlatforms) = preSolution
		Debug|Any CPU = Debug|Any CPU
		Release|Any CPU = Release|Any CPU
	EndGlobalSection
	GlobalSection(ProjectConfigurationPlatforms) = postSolution
		{F8DBFA89-8101-4857-8C05-F3365F6D5ACA}.Debug|Any CPU.ActiveCfg = Debug|Any CPU
		{F8DBFA89-8101-4857-8C05-F3365F6D5ACA}.Release|Any CPU.ActiveCfg = Release|Any CPU
	EndGlobalSection
	GlobalSection(SolutionProperties) = preSolution
		HideSolutionNode = FALSE
	EndGlobalSection
	GlobalSection(ExtensibilityGlobals) = postSolution
		SolutionGuid = {457B93CB-D126-435E-BD67-DF9A74BEBE11}
	EndGlobalSection
EndGlobal
