
Microsoft Visual Studio Solution File, Format Version 12.00
# Visual Studio Version 17
VisualStudioVersion = 17.3.32819.101
MinimumVisualStudioVersion = 10.0.40219.1
Project("{888888A0-9F3D-457C-B088-3A5042F75D52}") = "_5._SaltosDeLinea", "_5._SaltosDeLinea\_5._SaltosDeLinea.pyproj", "{F8662885-EAC7-467D-8114-6E5734CF4B55}"
EndProject
Global
	GlobalSection(SolutionConfigurationPlatforms) = preSolution
		Debug|Any CPU = Debug|Any CPU
		Release|Any CPU = Release|Any CPU
	EndGlobalSection
	GlobalSection(ProjectConfigurationPlatforms) = postSolution
		{F8662885-EAC7-467D-8114-6E5734CF4B55}.Debug|Any CPU.ActiveCfg = Debug|Any CPU
		{F8662885-EAC7-467D-8114-6E5734CF4B55}.Release|Any CPU.ActiveCfg = Release|Any CPU
	EndGlobalSection
	GlobalSection(SolutionProperties) = preSolution
		HideSolutionNode = FALSE
	EndGlobalSection
	GlobalSection(ExtensibilityGlobals) = postSolution
		SolutionGuid = {6CF27EDB-249E-450A-A2A4-663D262206E1}
	EndGlobalSection
EndGlobal
